
Microsoft Visual Studio Solution File, Format Version 12.00
# Visual Studio 2012
Project("{FAE04EC0-301F-11D3-BF4B-00C04F79EFBC}") = "PoemGenerator", "PoemGenerator\PoemGenerator.csproj", "{ED16A081-1895-41E6-90FE-2D613F078B85}"
EndProject
Project("{FAE04EC0-301F-11D3-BF4B-00C04F79EFBC}") = "PoemGenerator.Tests", "PoemGenerator.Tests\PoemGenerator.Tests.csproj", "{87FCE90F-E229-4BEA-81CE-DAC2C36EA2BA}"
EndProject
Global
	GlobalSection(SolutionConfigurationPlatforms) = preSolution
		Debug|Any CPU = Debug|Any CPU
		Release|Any CPU = Release|Any CPU
	EndGlobalSection
	GlobalSection(ProjectConfigurationPlatforms) = postSolution
		{ED16A081-1895-41E6-90FE-2D613F078B85}.Debug|Any CPU.ActiveCfg = Debug|Any CPU
		{ED16A081-1895-41E6-90FE-2D613F078B85}.Debug|Any CPU.Build.0 = Debug|Any CPU
		{ED16A081-1895-41E6-90FE-2D613F078B85}.Release|Any CPU.ActiveCfg = Release|Any CPU
		{ED16A081-1895-41E6-90FE-2D613F078B85}.Release|Any CPU.Build.0 = Release|Any CPU
		{87FCE90F-E229-4BEA-81CE-DAC2C36EA2BA}.Debug|Any CPU.ActiveCfg = Debug|Any CPU
		{87FCE90F-E229-4BEA-81CE-DAC2C36EA2BA}.Debug|Any CPU.Build.0 = Debug|Any CPU
		{87FCE90F-E229-4BEA-81CE-DAC2C36EA2BA}.Release|Any CPU.ActiveCfg = Release|Any CPU
		{87FCE90F-E229-4BEA-81CE-DAC2C36EA2BA}.Release|Any CPU.Build.0 = Release|Any CPU
	EndGlobalSection
	GlobalSection(SolutionProperties) = preSolution
		HideSolutionNode = FALSE
	EndGlobalSection
EndGlobal
